
Microsoft Visual Studio Solution File, Format Version 12.00
# Visual Studio Version 16
VisualStudioVersion = 16.0.30225.117
MinimumVisualStudioVersion = 10.0.40219.1
Project("{9A19103F-16F7-4668-BE54-9A1E7A4F7556}") = "Altseed2_ToolAuxiliary", "Altseed2_ToolAuxiliary\Altseed2_ToolAuxiliary.csproj", "{D2143615-6672-4B24-A201-C71D30C73082}"
EndProject
Project("{9A19103F-16F7-4668-BE54-9A1E7A4F7556}") = "Engine", "Altseed2-csharp\Engine\Engine.csproj", "{20903722-1D61-428A-B627-EAC59DF69D97}"
EndProject
Project("{FAE04EC0-301F-11D3-BF4B-00C04F79EFBC}") = "Test", "Test\Test.csproj", "{C0E66E8C-1277-499F-9252-8C2B09A717F1}"
EndProject
Global
	GlobalSection(SolutionConfigurationPlatforms) = preSolution
		Debug|Any CPU = Debug|Any CPU
		Debug|x64 = Debug|x64
		Release|Any CPU = Release|Any CPU
		Release|x64 = Release|x64
	EndGlobalSection
	GlobalSection(ProjectConfigurationPlatforms) = postSolution
		{D2143615-6672-4B24-A201-C71D30C73082}.Debug|Any CPU.ActiveCfg = Debug|Any CPU
		{D2143615-6672-4B24-A201-C71D30C73082}.Debug|Any CPU.Build.0 = Debug|Any CPU
		{D2143615-6672-4B24-A201-C71D30C73082}.Debug|x64.ActiveCfg = Debug|Any CPU
		{D2143615-6672-4B24-A201-C71D30C73082}.Debug|x64.Build.0 = Debug|Any CPU
		{D2143615-6672-4B24-A201-C71D30C73082}.Release|Any CPU.ActiveCfg = Release|Any CPU
		{D2143615-6672-4B24-A201-C71D30C73082}.Release|Any CPU.Build.0 = Release|Any CPU
		{D2143615-6672-4B24-A201-C71D30C73082}.Release|x64.ActiveCfg = Release|Any CPU
		{D2143615-6672-4B24-A201-C71D30C73082}.Release|x64.Build.0 = Release|Any CPU
		{20903722-1D61-428A-B627-EAC59DF69D97}.Debug|Any CPU.ActiveCfg = Debug|x64
		{20903722-1D61-428A-B627-EAC59DF69D97}.Debug|x64.ActiveCfg = Debug|x64
		{20903722-1D61-428A-B627-EAC59DF69D97}.Debug|x64.Build.0 = Debug|x64
		{20903722-1D61-428A-B627-EAC59DF69D97}.Release|Any CPU.ActiveCfg = Release|x64
		{20903722-1D61-428A-B627-EAC59DF69D97}.Release|x64.ActiveCfg = Release|x64
		{20903722-1D61-428A-B627-EAC59DF69D97}.Release|x64.Build.0 = Release|x64
		{C0E66E8C-1277-499F-9252-8C2B09A717F1}.Debug|Any CPU.ActiveCfg = Debug|Any CPU
		{C0E66E8C-1277-499F-9252-8C2B09A717F1}.Debug|Any CPU.Build.0 = Debug|Any CPU
		{C0E66E8C-1277-499F-9252-8C2B09A717F1}.Debug|x64.ActiveCfg = Debug|Any CPU
		{C0E66E8C-1277-499F-9252-8C2B09A717F1}.Debug|x64.Build.0 = Debug|Any CPU
		{C0E66E8C-1277-499F-9252-8C2B09A717F1}.Release|Any CPU.ActiveCfg = Release|Any CPU
		{C0E66E8C-1277-499F-9252-8C2B09A717F1}.Release|Any CPU.Build.0 = Release|Any CPU
		{C0E66E8C-1277-499F-9252-8C2B09A717F1}.Release|x64.ActiveCfg = Release|Any CPU
		{C0E66E8C-1277-499F-9252-8C2B09A717F1}.Release|x64.Build.0 = Release|Any CPU
	EndGlobalSection
	GlobalSection(SolutionProperties) = preSolution
		HideSolutionNode = FALSE
	EndGlobalSection
	GlobalSection(ExtensibilityGlobals) = postSolution
		SolutionGuid = {03852026-2278-410F-B17C-0AC733D11560}
	EndGlobalSection
EndGlobal
